
Microsoft Visual Studio Solution File, Format Version 12.00
# Visual Studio 2013
VisualStudioVersion = 12.0.31101.0
MinimumVisualStudioVersion = 10.0.40219.1
Project("{FAE04EC0-301F-11D3-BF4B-00C04F79EFBC}") = "Reverse-numbers-with-stack", "Stacks-and-Queues\Reverse-numbers-with-stack.csproj", "{64628C3B-79DD-4791-A6E5-038B61F1FA19}"
EndProject
Project("{FAE04EC0-301F-11D3-BF4B-00C04F79EFBC}") = "Basic-stack-operations", "Basic-stack-operations\Basic-stack-operations.csproj", "{2DC2774D-3BCB-4D20-A33A-82865B0FFFE8}"
EndProject
Project("{FAE04EC0-301F-11D3-BF4B-00C04F79EFBC}") = "Maximum-element", "Maximum-element\Maximum-element.csproj", "{267ED4A1-AC57-45AF-84A8-B8F11EF44BD9}"
EndProject
Project("{FAE04EC0-301F-11D3-BF4B-00C04F79EFBC}") = "Basic-queue-operations", "Basic-queue-operations\Basic-queue-operations.csproj", "{FDF20D4B-99DE-4AFD-BC01-E3780E0D9366}"
EndProject
Project("{FAE04EC0-301F-11D3-BF4B-00C04F79EFBC}") = "Calculate-sequence-with-queue", "Calculate-sequence-with-queue\Calculate-sequence-with-queue.csproj", "{E73AAC55-5BE2-4C91-8986-9D8A670BDE82}"
EndProject
Project("{FAE04EC0-301F-11D3-BF4B-00C04F79EFBC}") = "TruckTour", "TruckTour\TruckTour.csproj", "{0376628E-7328-4E7A-BB31-8F37416CC23B}"
EndProject
Project("{FAE04EC0-301F-11D3-BF4B-00C04F79EFBC}") = "Balanced-Parentheses", "Balanced-Parentheses\Balanced-Parentheses.csproj", "{7B2BA7DB-DDC5-42C4-92FF-167717B14B52}"
EndProject
Project("{FAE04EC0-301F-11D3-BF4B-00C04F79EFBC}") = "Recursive-Fibonachi", "Recursive-Fibonachi\Recursive-Fibonachi.csproj", "{A54C7ADE-7370-4BE1-9DB0-2960B9A6D596}"
EndProject
Project("{FAE04EC0-301F-11D3-BF4B-00C04F79EFBC}") = "Stack-Fibonacci", "Stack-Fibonacci\Stack-Fibonacci.csproj", "{35F683E0-E695-4794-859D-F63E59328335}"
EndProject
Project("{FAE04EC0-301F-11D3-BF4B-00C04F79EFBC}") = "Simple-Text-Editor", "Simple-Text-Editor\Simple-Text-Editor.csproj", "{6B6DE4A4-5DA5-4318-8322-79AF370CB510}"
EndProject
Project("{FAE04EC0-301F-11D3-BF4B-00C04F79EFBC}") = "Poisonous-Plants", "Poisonous-Plants\Poisonous-Plants.csproj", "{2182F277-4F6A-4410-9B10-5189DA9BF5D6}"
EndProject
Global
	GlobalSection(SolutionConfigurationPlatforms) = preSolution
		Debug|Any CPU = Debug|Any CPU
		Release|Any CPU = Release|Any CPU
	EndGlobalSection
	GlobalSection(ProjectConfigurationPlatforms) = postSolution
		{64628C3B-79DD-4791-A6E5-038B61F1FA19}.Debug|Any CPU.ActiveCfg = Debug|Any CPU
		{64628C3B-79DD-4791-A6E5-038B61F1FA19}.Debug|Any CPU.Build.0 = Debug|Any CPU
		{64628C3B-79DD-4791-A6E5-038B61F1FA19}.Release|Any CPU.ActiveCfg = Release|Any CPU
		{64628C3B-79DD-4791-A6E5-038B61F1FA19}.Release|Any CPU.Build.0 = Release|Any CPU
		{2DC2774D-3BCB-4D20-A33A-82865B0FFFE8}.Debug|Any CPU.ActiveCfg = Debug|Any CPU
		{2DC2774D-3BCB-4D20-A33A-82865B0FFFE8}.Debug|Any CPU.Build.0 = Debug|Any CPU
		{2DC2774D-3BCB-4D20-A33A-82865B0FFFE8}.Release|Any CPU.ActiveCfg = Release|Any CPU
		{2DC2774D-3BCB-4D20-A33A-82865B0FFFE8}.Release|Any CPU.Build.0 = Release|Any CPU
		{267ED4A1-AC57-45AF-84A8-B8F11EF44BD9}.Debug|Any CPU.ActiveCfg = Debug|Any CPU
		{267ED4A1-AC57-45AF-84A8-B8F11EF44BD9}.Debug|Any CPU.Build.0 = Debug|Any CPU
		{267ED4A1-AC57-45AF-84A8-B8F11EF44BD9}.Release|Any CPU.ActiveCfg = Release|Any CPU
		{267ED4A1-AC57-45AF-84A8-B8F11EF44BD9}.Release|Any CPU.Build.0 = Release|Any CPU
		{FDF20D4B-99DE-4AFD-BC01-E3780E0D9366}.Debug|Any CPU.ActiveCfg = Debug|Any CPU
		{FDF20D4B-99DE-4AFD-BC01-E3780E0D9366}.Debug|Any CPU.Build.0 = Debug|Any CPU
		{FDF20D4B-99DE-4AFD-BC01-E3780E0D9366}.Release|Any CPU.ActiveCfg = Release|Any CPU
		{FDF20D4B-99DE-4AFD-BC01-E3780E0D9366}.Release|Any CPU.Build.0 = Release|Any CPU
		{E73AAC55-5BE2-4C91-8986-9D8A670BDE82}.Debug|Any CPU.ActiveCfg = Debug|Any CPU
		{E73AAC55-5BE2-4C91-8986-9D8A670BDE82}.Debug|Any CPU.Build.0 = Debug|Any CPU
		{E73AAC55-5BE2-4C91-8986-9D8A670BDE82}.Release|Any CPU.ActiveCfg = Release|Any CPU
		{E73AAC55-5BE2-4C91-8986-9D8A670BDE82}.Release|Any CPU.Build.0 = Release|Any CPU
		{0376628E-7328-4E7A-BB31-8F37416CC23B}.Debug|Any CPU.ActiveCfg = Debug|Any CPU
		{0376628E-7328-4E7A-BB31-8F37416CC23B}.Debug|Any CPU.Build.0 = Debug|Any CPU
		{0376628E-7328-4E7A-BB31-8F37416CC23B}.Release|Any CPU.ActiveCfg = Release|Any CPU
		{0376628E-7328-4E7A-BB31-8F37416CC23B}.Release|Any CPU.Build.0 = Release|Any CPU
		{7B2BA7DB-DDC5-42C4-92FF-167717B14B52}.Debug|Any CPU.ActiveCfg = Debug|Any CPU
		{7B2BA7DB-DDC5-42C4-92FF-167717B14B52}.Debug|Any CPU.Build.0 = Debug|Any CPU
		{7B2BA7DB-DDC5-42C4-92FF-167717B14B52}.Release|Any CPU.ActiveCfg = Release|Any CPU
		{7B2BA7DB-DDC5-42C4-92FF-167717B14B52}.Release|Any CPU.Build.0 = Release|Any CPU
		{A54C7ADE-7370-4BE1-9DB0-2960B9A6D596}.Debug|Any CPU.ActiveCfg = Debug|Any CPU
		{A54C7ADE-7370-4BE1-9DB0-2960B9A6D596}.Debug|Any CPU.Build.0 = Debug|Any CPU
		{A54C7ADE-7370-4BE1-9DB0-2960B9A6D596}.Release|Any CPU.ActiveCfg = Release|Any CPU
		{A54C7ADE-7370-4BE1-9DB0-2960B9A6D596}.Release|Any CPU.Build.0 = Release|Any CPU
		{35F683E0-E695-4794-859D-F63E59328335}.Debug|Any CPU.ActiveCfg = Debug|Any CPU
		{35F683E0-E695-4794-859D-F63E59328335}.Debug|Any CPU.Build.0 = Debug|Any CPU
		{35F683E0-E695-4794-859D-F63E59328335}.Release|Any CPU.ActiveCfg = Release|Any CPU
		{35F683E0-E695-4794-859D-F63E59328335}.Release|Any CPU.Build.0 = Release|Any CPU
		{6B6DE4A4-5DA5-4318-8322-79AF370CB510}.Debug|Any CPU.ActiveCfg = Debug|Any CPU
		{6B6DE4A4-5DA5-4318-8322-79AF370CB510}.Debug|Any CPU.Build.0 = Debug|Any CPU
		{6B6DE4A4-5DA5-4318-8322-79AF370CB510}.Release|Any CPU.ActiveCfg = Release|Any CPU
		{6B6DE4A4-5DA5-4318-8322-79AF370CB510}.Release|Any CPU.Build.0 = Release|Any CPU
		{2182F277-4F6A-4410-9B10-5189DA9BF5D6}.Debug|Any CPU.ActiveCfg = Debug|Any CPU
		{2182F277-4F6A-4410-9B10-5189DA9BF5D6}.Debug|Any CPU.Build.0 = Debug|Any CPU
		{2182F277-4F6A-4410-9B10-5189DA9BF5D6}.Release|Any CPU.ActiveCfg = Release|Any CPU
		{2182F277-4F6A-4410-9B10-5189DA9BF5D6}.Release|Any CPU.Build.0 = Release|Any CPU
	EndGlobalSection
	GlobalSection(SolutionProperties) = preSolution
		HideSolutionNode = FALSE
	EndGlobalSection
EndGlobal
