
Microsoft Visual Studio Solution File, Format Version 12.00
# Visual Studio 14
VisualStudioVersion = 14.0.25123.0
MinimumVisualStudioVersion = 10.0.40219.1
Project("{FAE04EC0-301F-11D3-BF4B-00C04F79EFBC}") = "Person", "Person\Person.csproj", "{663D1D57-9F58-40A8-850E-3A2E424B6CB4}"
EndProject
Project("{FAE04EC0-301F-11D3-BF4B-00C04F79EFBC}") = "Company-Roster", "Company-Roster\Company-Roster.csproj", "{39C4D8E7-3842-4F85-A8DD-2031CAF9397D}"
EndProject
Project("{FAE04EC0-301F-11D3-BF4B-00C04F79EFBC}") = "Speed-racing", "Speed-racing\Speed-racing.csproj", "{240191F7-7DA1-4FD6-9F03-9340621E4589}"
EndProject
Project("{FAE04EC0-301F-11D3-BF4B-00C04F79EFBC}") = "Raw-data", "Raw-data\Raw-data.csproj", "{3AF4C861-EF3E-4A08-ADCA-6B9C39083583}"
EndProject
Global
	GlobalSection(SolutionConfigurationPlatforms) = preSolution
		Debug|Any CPU = Debug|Any CPU
		Release|Any CPU = Release|Any CPU
	EndGlobalSection
	GlobalSection(ProjectConfigurationPlatforms) = postSolution
		{663D1D57-9F58-40A8-850E-3A2E424B6CB4}.Debug|Any CPU.ActiveCfg = Debug|Any CPU
		{663D1D57-9F58-40A8-850E-3A2E424B6CB4}.Debug|Any CPU.Build.0 = Debug|Any CPU
		{663D1D57-9F58-40A8-850E-3A2E424B6CB4}.Release|Any CPU.ActiveCfg = Release|Any CPU
		{663D1D57-9F58-40A8-850E-3A2E424B6CB4}.Release|Any CPU.Build.0 = Release|Any CPU
		{39C4D8E7-3842-4F85-A8DD-2031CAF9397D}.Debug|Any CPU.ActiveCfg = Debug|Any CPU
		{39C4D8E7-3842-4F85-A8DD-2031CAF9397D}.Debug|Any CPU.Build.0 = Debug|Any CPU
		{39C4D8E7-3842-4F85-A8DD-2031CAF9397D}.Release|Any CPU.ActiveCfg = Release|Any CPU
		{39C4D8E7-3842-4F85-A8DD-2031CAF9397D}.Release|Any CPU.Build.0 = Release|Any CPU
		{240191F7-7DA1-4FD6-9F03-9340621E4589}.Debug|Any CPU.ActiveCfg = Debug|Any CPU
		{240191F7-7DA1-4FD6-9F03-9340621E4589}.Debug|Any CPU.Build.0 = Debug|Any CPU
		{240191F7-7DA1-4FD6-9F03-9340621E4589}.Release|Any CPU.ActiveCfg = Release|Any CPU
		{240191F7-7DA1-4FD6-9F03-9340621E4589}.Release|Any CPU.Build.0 = Release|Any CPU
		{3AF4C861-EF3E-4A08-ADCA-6B9C39083583}.Debug|Any CPU.ActiveCfg = Debug|Any CPU
		{3AF4C861-EF3E-4A08-ADCA-6B9C39083583}.Debug|Any CPU.Build.0 = Debug|Any CPU
		{3AF4C861-EF3E-4A08-ADCA-6B9C39083583}.Release|Any CPU.ActiveCfg = Release|Any CPU
		{3AF4C861-EF3E-4A08-ADCA-6B9C39083583}.Release|Any CPU.Build.0 = Release|Any CPU
	EndGlobalSection
	GlobalSection(SolutionProperties) = preSolution
		HideSolutionNode = FALSE
	EndGlobalSection
EndGlobal
