
Microsoft Visual Studio Solution File, Format Version 12.00
# Visual Studio 2013
VisualStudioVersion = 12.0.31101.0
MinimumVisualStudioVersion = 10.0.40219.1
Project("{FAE04EC0-301F-11D3-BF4B-00C04F79EFBC}") = "Count-Symbols", "Sets-and-Dictionaries\Count-Symbols.csproj", "{9AA80885-66DE-42C6-A603-3C9B2F28CCAC}"
EndProject
Project("{FAE04EC0-301F-11D3-BF4B-00C04F79EFBC}") = "Unique-Usernames", "Unique-Usernames\Unique-Usernames.csproj", "{0331D7ED-74B7-45F1-8ACB-BC213828D764}"
EndProject
Project("{FAE04EC0-301F-11D3-BF4B-00C04F79EFBC}") = "Sets-of-elements", "Sets-of-elements\Sets-of-elements.csproj", "{0015391A-785A-4C4D-8ECC-6DE8B42D6999}"
EndProject
Project("{FAE04EC0-301F-11D3-BF4B-00C04F79EFBC}") = "Periodic-table", "Periodic-table\Periodic-table.csproj", "{A4869F97-F469-4EBF-BB61-82E3E16C6F35}"
EndProject
Project("{FAE04EC0-301F-11D3-BF4B-00C04F79EFBC}") = "Phonebook", "Phonebook\Phonebook.csproj", "{4F6988A4-2070-414A-B4A5-E20DF6A91CC3}"
EndProject
Project("{FAE04EC0-301F-11D3-BF4B-00C04F79EFBC}") = "A-miner-task", "A-miner-task\A-miner-task.csproj", "{E7A3273D-3665-41B7-952F-77AAF7D0FA56}"
EndProject
Project("{FAE04EC0-301F-11D3-BF4B-00C04F79EFBC}") = "Fix-emails", "Fix-emails\Fix-emails.csproj", "{223D716E-F2FD-4C87-A255-24CE87582354}"
EndProject
Project("{FAE04EC0-301F-11D3-BF4B-00C04F79EFBC}") = "Hands-of-cards", "Hands-of-cards\Hands-of-cards.csproj", "{CECE74B5-52D8-4D85-91E0-27CFD6B640DB}"
EndProject
Project("{FAE04EC0-301F-11D3-BF4B-00C04F79EFBC}") = "User-logs", "User-logs\User-logs.csproj", "{CD27CB8D-627C-49A3-BEE8-2616F1D4CF5D}"
EndProject
Global
	GlobalSection(SolutionConfigurationPlatforms) = preSolution
		Debug|Any CPU = Debug|Any CPU
		Release|Any CPU = Release|Any CPU
	EndGlobalSection
	GlobalSection(ProjectConfigurationPlatforms) = postSolution
		{9AA80885-66DE-42C6-A603-3C9B2F28CCAC}.Debug|Any CPU.ActiveCfg = Debug|Any CPU
		{9AA80885-66DE-42C6-A603-3C9B2F28CCAC}.Debug|Any CPU.Build.0 = Debug|Any CPU
		{9AA80885-66DE-42C6-A603-3C9B2F28CCAC}.Release|Any CPU.ActiveCfg = Release|Any CPU
		{9AA80885-66DE-42C6-A603-3C9B2F28CCAC}.Release|Any CPU.Build.0 = Release|Any CPU
		{0331D7ED-74B7-45F1-8ACB-BC213828D764}.Debug|Any CPU.ActiveCfg = Debug|Any CPU
		{0331D7ED-74B7-45F1-8ACB-BC213828D764}.Debug|Any CPU.Build.0 = Debug|Any CPU
		{0331D7ED-74B7-45F1-8ACB-BC213828D764}.Release|Any CPU.ActiveCfg = Release|Any CPU
		{0331D7ED-74B7-45F1-8ACB-BC213828D764}.Release|Any CPU.Build.0 = Release|Any CPU
		{0015391A-785A-4C4D-8ECC-6DE8B42D6999}.Debug|Any CPU.ActiveCfg = Debug|Any CPU
		{0015391A-785A-4C4D-8ECC-6DE8B42D6999}.Debug|Any CPU.Build.0 = Debug|Any CPU
		{0015391A-785A-4C4D-8ECC-6DE8B42D6999}.Release|Any CPU.ActiveCfg = Release|Any CPU
		{0015391A-785A-4C4D-8ECC-6DE8B42D6999}.Release|Any CPU.Build.0 = Release|Any CPU
		{A4869F97-F469-4EBF-BB61-82E3E16C6F35}.Debug|Any CPU.ActiveCfg = Debug|Any CPU
		{A4869F97-F469-4EBF-BB61-82E3E16C6F35}.Debug|Any CPU.Build.0 = Debug|Any CPU
		{A4869F97-F469-4EBF-BB61-82E3E16C6F35}.Release|Any CPU.ActiveCfg = Release|Any CPU
		{A4869F97-F469-4EBF-BB61-82E3E16C6F35}.Release|Any CPU.Build.0 = Release|Any CPU
		{4F6988A4-2070-414A-B4A5-E20DF6A91CC3}.Debug|Any CPU.ActiveCfg = Debug|Any CPU
		{4F6988A4-2070-414A-B4A5-E20DF6A91CC3}.Debug|Any CPU.Build.0 = Debug|Any CPU
		{4F6988A4-2070-414A-B4A5-E20DF6A91CC3}.Release|Any CPU.ActiveCfg = Release|Any CPU
		{4F6988A4-2070-414A-B4A5-E20DF6A91CC3}.Release|Any CPU.Build.0 = Release|Any CPU
		{E7A3273D-3665-41B7-952F-77AAF7D0FA56}.Debug|Any CPU.ActiveCfg = Debug|Any CPU
		{E7A3273D-3665-41B7-952F-77AAF7D0FA56}.Debug|Any CPU.Build.0 = Debug|Any CPU
		{E7A3273D-3665-41B7-952F-77AAF7D0FA56}.Release|Any CPU.ActiveCfg = Release|Any CPU
		{E7A3273D-3665-41B7-952F-77AAF7D0FA56}.Release|Any CPU.Build.0 = Release|Any CPU
		{223D716E-F2FD-4C87-A255-24CE87582354}.Debug|Any CPU.ActiveCfg = Debug|Any CPU
		{223D716E-F2FD-4C87-A255-24CE87582354}.Debug|Any CPU.Build.0 = Debug|Any CPU
		{223D716E-F2FD-4C87-A255-24CE87582354}.Release|Any CPU.ActiveCfg = Release|Any CPU
		{223D716E-F2FD-4C87-A255-24CE87582354}.Release|Any CPU.Build.0 = Release|Any CPU
		{CECE74B5-52D8-4D85-91E0-27CFD6B640DB}.Debug|Any CPU.ActiveCfg = Debug|Any CPU
		{CECE74B5-52D8-4D85-91E0-27CFD6B640DB}.Debug|Any CPU.Build.0 = Debug|Any CPU
		{CECE74B5-52D8-4D85-91E0-27CFD6B640DB}.Release|Any CPU.ActiveCfg = Release|Any CPU
		{CECE74B5-52D8-4D85-91E0-27CFD6B640DB}.Release|Any CPU.Build.0 = Release|Any CPU
		{CD27CB8D-627C-49A3-BEE8-2616F1D4CF5D}.Debug|Any CPU.ActiveCfg = Debug|Any CPU
		{CD27CB8D-627C-49A3-BEE8-2616F1D4CF5D}.Debug|Any CPU.Build.0 = Debug|Any CPU
		{CD27CB8D-627C-49A3-BEE8-2616F1D4CF5D}.Release|Any CPU.ActiveCfg = Release|Any CPU
		{CD27CB8D-627C-49A3-BEE8-2616F1D4CF5D}.Release|Any CPU.Build.0 = Release|Any CPU
	EndGlobalSection
	GlobalSection(SolutionProperties) = preSolution
		HideSolutionNode = FALSE
	EndGlobalSection
EndGlobal
